
Microsoft Visual Studio Solution File, Format Version 12.00
# Visual Studio Version 17
VisualStudioVersion = 17.3.32929.385
MinimumVisualStudioVersion = 10.0.40219.1
Project("{FAE04EC0-301F-11D3-BF4B-00C04F79EFBC}") = "MeasuringTime", "MeasuringTime\MeasuringTime.csproj", "{E8F68FA5-5123-4C50-BE38-B0168D1B5BA7}"
EndProject
Global
	GlobalSection(SolutionConfigurationPlatforms) = preSolution
		Debug|Any CPU = Debug|Any CPU
		Release|Any CPU = Release|Any CPU
	EndGlobalSection
	GlobalSection(ProjectConfigurationPlatforms) = postSolution
		{E8F68FA5-5123-4C50-BE38-B0168D1B5BA7}.Debug|Any CPU.ActiveCfg = Debug|Any CPU
		{E8F68FA5-5123-4C50-BE38-B0168D1B5BA7}.Debug|Any CPU.Build.0 = Debug|Any CPU
		{E8F68FA5-5123-4C50-BE38-B0168D1B5BA7}.Release|Any CPU.ActiveCfg = Release|Any CPU
		{E8F68FA5-5123-4C50-BE38-B0168D1B5BA7}.Release|Any CPU.Build.0 = Release|Any CPU
	EndGlobalSection
	GlobalSection(SolutionProperties) = preSolution
		HideSolutionNode = FALSE
	EndGlobalSection
	GlobalSection(ExtensibilityGlobals) = postSolution
		SolutionGuid = {137A4C46-A9D7-4334-914D-2875E960D654}
	EndGlobalSection
EndGlobal
