
Microsoft Visual Studio Solution File, Format Version 12.00
# Visual Studio Version 17
VisualStudioVersion = 17.4.33103.184
MinimumVisualStudioVersion = 10.0.40219.1
Project("{9A19103F-16F7-4668-BE54-9A1E7A4F7556}") = "ProjectNumbers", "ProjectNumbers\ProjectNumbers.csproj", "{9E968B68-055C-41CC-A31E-6273368AEF20}"
EndProject
Project("{FAE04EC0-301F-11D3-BF4B-00C04F79EFBC}") = "ProjectNumbers.Test", "ProjectNumbers.Test\ProjectNumbers.Test.csproj", "{1FDFAE06-4544-403B-AECA-983EBB14CED5}"
EndProject
Global
	GlobalSection(SolutionConfigurationPlatforms) = preSolution
		Debug|Any CPU = Debug|Any CPU
		Release|Any CPU = Release|Any CPU
	EndGlobalSection
	GlobalSection(ProjectConfigurationPlatforms) = postSolution
		{9E968B68-055C-41CC-A31E-6273368AEF20}.Debug|Any CPU.ActiveCfg = Debug|Any CPU
		{9E968B68-055C-41CC-A31E-6273368AEF20}.Debug|Any CPU.Build.0 = Debug|Any CPU
		{9E968B68-055C-41CC-A31E-6273368AEF20}.Release|Any CPU.ActiveCfg = Release|Any CPU
		{9E968B68-055C-41CC-A31E-6273368AEF20}.Release|Any CPU.Build.0 = Release|Any CPU
		{1FDFAE06-4544-403B-AECA-983EBB14CED5}.Debug|Any CPU.ActiveCfg = Debug|Any CPU
		{1FDFAE06-4544-403B-AECA-983EBB14CED5}.Debug|Any CPU.Build.0 = Debug|Any CPU
		{1FDFAE06-4544-403B-AECA-983EBB14CED5}.Release|Any CPU.ActiveCfg = Release|Any CPU
		{1FDFAE06-4544-403B-AECA-983EBB14CED5}.Release|Any CPU.Build.0 = Release|Any CPU
	EndGlobalSection
	GlobalSection(SolutionProperties) = preSolution
		HideSolutionNode = FALSE
	EndGlobalSection
	GlobalSection(ExtensibilityGlobals) = postSolution
		SolutionGuid = {58412A94-D927-413F-A53C-A91FA75AF667}
	EndGlobalSection
EndGlobal
