
Microsoft Visual Studio Solution File, Format Version 12.00
# Visual Studio Version 17
VisualStudioVersion = 17.3.32929.385
MinimumVisualStudioVersion = 10.0.40219.1
Project("{9A19103F-16F7-4668-BE54-9A1E7A4F7556}") = "Task1.MaxDiv", "Task1.MaxDiv\Task1.MaxDiv.csproj", "{72180EE8-F6F9-4C4A-877B-58EF6293EEB0}"
EndProject
Project("{9A19103F-16F7-4668-BE54-9A1E7A4F7556}") = "Task2.Evklid", "Task2.Evklid\Task2.Evklid.csproj", "{4B19643D-ACBC-4515-826C-D0DC1F07FE9F}"
EndProject
Project("{FAE04EC0-301F-11D3-BF4B-00C04F79EFBC}") = "Task3.OddDig", "Task3.OddDig\Task3.OddDig.csproj", "{F05615AA-EC51-4D67-B7C2-C6A8EAC26AE9}"
EndProject
Project("{FAE04EC0-301F-11D3-BF4B-00C04F79EFBC}") = "Task4.Mirror", "Task4.Mirror\Task4.Mirror.csproj", "{227637E9-B728-44D0-A9A7-9F94BECB1ED2}"
EndProject
Project("{FAE04EC0-301F-11D3-BF4B-00C04F79EFBC}") = "Task5.HalfDiv", "Task5.HalfDiv\Task5.HalfDiv.csproj", "{BA9513B3-5552-4EED-94B4-C588E37948D2}"
EndProject
Global
	GlobalSection(SolutionConfigurationPlatforms) = preSolution
		Debug|Any CPU = Debug|Any CPU
		Release|Any CPU = Release|Any CPU
	EndGlobalSection
	GlobalSection(ProjectConfigurationPlatforms) = postSolution
		{72180EE8-F6F9-4C4A-877B-58EF6293EEB0}.Debug|Any CPU.ActiveCfg = Debug|Any CPU
		{72180EE8-F6F9-4C4A-877B-58EF6293EEB0}.Debug|Any CPU.Build.0 = Debug|Any CPU
		{72180EE8-F6F9-4C4A-877B-58EF6293EEB0}.Release|Any CPU.ActiveCfg = Release|Any CPU
		{72180EE8-F6F9-4C4A-877B-58EF6293EEB0}.Release|Any CPU.Build.0 = Release|Any CPU
		{4B19643D-ACBC-4515-826C-D0DC1F07FE9F}.Debug|Any CPU.ActiveCfg = Debug|Any CPU
		{4B19643D-ACBC-4515-826C-D0DC1F07FE9F}.Debug|Any CPU.Build.0 = Debug|Any CPU
		{4B19643D-ACBC-4515-826C-D0DC1F07FE9F}.Release|Any CPU.ActiveCfg = Release|Any CPU
		{4B19643D-ACBC-4515-826C-D0DC1F07FE9F}.Release|Any CPU.Build.0 = Release|Any CPU
		{F05615AA-EC51-4D67-B7C2-C6A8EAC26AE9}.Debug|Any CPU.ActiveCfg = Debug|Any CPU
		{F05615AA-EC51-4D67-B7C2-C6A8EAC26AE9}.Debug|Any CPU.Build.0 = Debug|Any CPU
		{F05615AA-EC51-4D67-B7C2-C6A8EAC26AE9}.Release|Any CPU.ActiveCfg = Release|Any CPU
		{F05615AA-EC51-4D67-B7C2-C6A8EAC26AE9}.Release|Any CPU.Build.0 = Release|Any CPU
		{227637E9-B728-44D0-A9A7-9F94BECB1ED2}.Debug|Any CPU.ActiveCfg = Debug|Any CPU
		{227637E9-B728-44D0-A9A7-9F94BECB1ED2}.Debug|Any CPU.Build.0 = Debug|Any CPU
		{227637E9-B728-44D0-A9A7-9F94BECB1ED2}.Release|Any CPU.ActiveCfg = Release|Any CPU
		{227637E9-B728-44D0-A9A7-9F94BECB1ED2}.Release|Any CPU.Build.0 = Release|Any CPU
		{BA9513B3-5552-4EED-94B4-C588E37948D2}.Debug|Any CPU.ActiveCfg = Debug|Any CPU
		{BA9513B3-5552-4EED-94B4-C588E37948D2}.Debug|Any CPU.Build.0 = Debug|Any CPU
		{BA9513B3-5552-4EED-94B4-C588E37948D2}.Release|Any CPU.ActiveCfg = Release|Any CPU
		{BA9513B3-5552-4EED-94B4-C588E37948D2}.Release|Any CPU.Build.0 = Release|Any CPU
	EndGlobalSection
	GlobalSection(SolutionProperties) = preSolution
		HideSolutionNode = FALSE
	EndGlobalSection
	GlobalSection(ExtensibilityGlobals) = postSolution
		SolutionGuid = {5E13BB8D-D571-4C45-9D6B-25DB1A8912FE}
	EndGlobalSection
EndGlobal
