
Microsoft Visual Studio Solution File, Format Version 12.00
# Visual Studio Version 17
VisualStudioVersion = 17.4.33122.133
MinimumVisualStudioVersion = 10.0.40219.1
Project("{FAE04EC0-301F-11D3-BF4B-00C04F79EFBC}") = "Zoo", "Zoo\Zoo.csproj", "{0C4B08E5-C442-494F-BE68-F67C2DE472A1}"
EndProject
Global
	GlobalSection(SolutionConfigurationPlatforms) = preSolution
		Debug|Any CPU = Debug|Any CPU
		Release|Any CPU = Release|Any CPU
	EndGlobalSection
	GlobalSection(ProjectConfigurationPlatforms) = postSolution
		{0C4B08E5-C442-494F-BE68-F67C2DE472A1}.Debug|Any CPU.ActiveCfg = Debug|Any CPU
		{0C4B08E5-C442-494F-BE68-F67C2DE472A1}.Debug|Any CPU.Build.0 = Debug|Any CPU
		{0C4B08E5-C442-494F-BE68-F67C2DE472A1}.Release|Any CPU.ActiveCfg = Release|Any CPU
		{0C4B08E5-C442-494F-BE68-F67C2DE472A1}.Release|Any CPU.Build.0 = Release|Any CPU
	EndGlobalSection
	GlobalSection(SolutionProperties) = preSolution
		HideSolutionNode = FALSE
	EndGlobalSection
	GlobalSection(ExtensibilityGlobals) = postSolution
		SolutionGuid = {04F6A03C-EEEA-4741-80E3-197A0C8EE77F}
	EndGlobalSection
EndGlobal
