
Microsoft Visual Studio Solution File, Format Version 12.00
# Visual Studio Version 17
VisualStudioVersion = 17.3.32929.385
MinimumVisualStudioVersion = 10.0.40219.1
Project("{FAE04EC0-301F-11D3-BF4B-00C04F79EFBC}") = "Task1.Exp", "Task1.Exp\Task1.Exp.csproj", "{E7DC650E-2F63-4FC2-ABBE-42040DCBA828}"
EndProject
Project("{FAE04EC0-301F-11D3-BF4B-00C04F79EFBC}") = "Task2.DivA", "Task2.DivA\Task2.DivA.csproj", "{C12BC4F0-35A2-44DD-8B2D-2521128B51A6}"
EndProject
Project("{FAE04EC0-301F-11D3-BF4B-00C04F79EFBC}") = "Task3.Count", "Task3.Count\Task3.Count.csproj", "{17BB82F9-9D6E-43A8-8F10-01771379FE13}"
EndProject
Project("{FAE04EC0-301F-11D3-BF4B-00C04F79EFBC}") = "Task4.Sum", "Task4.Sum\Task4.Sum.csproj", "{0565C389-93A6-412A-8E9C-BBD88D894A0F}"
EndProject
Project("{FAE04EC0-301F-11D3-BF4B-00C04F79EFBC}") = "Task5.Fibbonachi", "Task5.Fibbonachi\Task5.Fibbonachi.csproj", "{41799D84-7599-4251-9C3F-E1C94AF2B1AD}"
EndProject
Global
	GlobalSection(SolutionConfigurationPlatforms) = preSolution
		Debug|Any CPU = Debug|Any CPU
		Release|Any CPU = Release|Any CPU
	EndGlobalSection
	GlobalSection(ProjectConfigurationPlatforms) = postSolution
		{E7DC650E-2F63-4FC2-ABBE-42040DCBA828}.Debug|Any CPU.ActiveCfg = Debug|Any CPU
		{E7DC650E-2F63-4FC2-ABBE-42040DCBA828}.Debug|Any CPU.Build.0 = Debug|Any CPU
		{E7DC650E-2F63-4FC2-ABBE-42040DCBA828}.Release|Any CPU.ActiveCfg = Release|Any CPU
		{E7DC650E-2F63-4FC2-ABBE-42040DCBA828}.Release|Any CPU.Build.0 = Release|Any CPU
		{C12BC4F0-35A2-44DD-8B2D-2521128B51A6}.Debug|Any CPU.ActiveCfg = Debug|Any CPU
		{C12BC4F0-35A2-44DD-8B2D-2521128B51A6}.Debug|Any CPU.Build.0 = Debug|Any CPU
		{C12BC4F0-35A2-44DD-8B2D-2521128B51A6}.Release|Any CPU.ActiveCfg = Release|Any CPU
		{C12BC4F0-35A2-44DD-8B2D-2521128B51A6}.Release|Any CPU.Build.0 = Release|Any CPU
		{17BB82F9-9D6E-43A8-8F10-01771379FE13}.Debug|Any CPU.ActiveCfg = Debug|Any CPU
		{17BB82F9-9D6E-43A8-8F10-01771379FE13}.Debug|Any CPU.Build.0 = Debug|Any CPU
		{17BB82F9-9D6E-43A8-8F10-01771379FE13}.Release|Any CPU.ActiveCfg = Release|Any CPU
		{17BB82F9-9D6E-43A8-8F10-01771379FE13}.Release|Any CPU.Build.0 = Release|Any CPU
		{0565C389-93A6-412A-8E9C-BBD88D894A0F}.Debug|Any CPU.ActiveCfg = Debug|Any CPU
		{0565C389-93A6-412A-8E9C-BBD88D894A0F}.Debug|Any CPU.Build.0 = Debug|Any CPU
		{0565C389-93A6-412A-8E9C-BBD88D894A0F}.Release|Any CPU.ActiveCfg = Release|Any CPU
		{0565C389-93A6-412A-8E9C-BBD88D894A0F}.Release|Any CPU.Build.0 = Release|Any CPU
		{41799D84-7599-4251-9C3F-E1C94AF2B1AD}.Debug|Any CPU.ActiveCfg = Debug|Any CPU
		{41799D84-7599-4251-9C3F-E1C94AF2B1AD}.Debug|Any CPU.Build.0 = Debug|Any CPU
		{41799D84-7599-4251-9C3F-E1C94AF2B1AD}.Release|Any CPU.ActiveCfg = Release|Any CPU
		{41799D84-7599-4251-9C3F-E1C94AF2B1AD}.Release|Any CPU.Build.0 = Release|Any CPU
	EndGlobalSection
	GlobalSection(SolutionProperties) = preSolution
		HideSolutionNode = FALSE
	EndGlobalSection
	GlobalSection(ExtensibilityGlobals) = postSolution
		SolutionGuid = {BACD833B-A482-4880-A09A-8278EA07EC6B}
	EndGlobalSection
EndGlobal
